
Microsoft Visual Studio Solution File, Format Version 12.00
# Visual Studio Version 17
VisualStudioVersion = 17.7.34202.233
MinimumVisualStudioVersion = 10.0.40219.1
Project("{8BC9CEB8-8B4A-11D0-8D11-00A0C91BC942}") = "bubblesort update", "Project1\Project1.vcxproj", "{15E32E3E-DDC3-4D92-9EBE-F507BE1EA767}"
EndProject
Project("{8BC9CEB8-8B4A-11D0-8D11-00A0C91BC942}") = "calculator", "calculator\calculator.vcxproj", "{F9A37394-87CD-4E6C-A96D-BF1A4362E9D7}"
EndProject
Project("{8BC9CEB8-8B4A-11D0-8D11-00A0C91BC942}") = "random number game", "random number game\random number game.vcxproj", "{7C8A0030-C6E2-49B9-89FC-E3A17A075FF5}"
EndProject
Project("{8BC9CEB8-8B4A-11D0-8D11-00A0C91BC942}") = "productentry", "productentry\productentry.vcxproj", "{AF5B0A27-ABB3-4D22-B730-8C3C4EBDD3AB}"
EndProject
Project("{8BC9CEB8-8B4A-11D0-8D11-00A0C91BC942}") = "productList", "productList\productList.vcxproj", "{4769CB48-3235-4290-AF61-3E8B9FF49F31}"
EndProject
Project("{8BC9CEB8-8B4A-11D0-8D11-00A0C91BC942}") = "TicTacToe", "TicTacToe\TicTacToe.vcxproj", "{F986BC92-0DA2-4BA1-A194-D2AE28994684}"
EndProject
Global
	GlobalSection(SolutionConfigurationPlatforms) = preSolution
		Debug|x64 = Debug|x64
		Debug|x86 = Debug|x86
		Release|x64 = Release|x64
		Release|x86 = Release|x86
	EndGlobalSection
	GlobalSection(ProjectConfigurationPlatforms) = postSolution
		{15E32E3E-DDC3-4D92-9EBE-F507BE1EA767}.Debug|x64.ActiveCfg = Debug|x64
		{15E32E3E-DDC3-4D92-9EBE-F507BE1EA767}.Debug|x64.Build.0 = Debug|x64
		{15E32E3E-DDC3-4D92-9EBE-F507BE1EA767}.Debug|x86.ActiveCfg = Debug|Win32
		{15E32E3E-DDC3-4D92-9EBE-F507BE1EA767}.Debug|x86.Build.0 = Debug|Win32
		{15E32E3E-DDC3-4D92-9EBE-F507BE1EA767}.Release|x64.ActiveCfg = Release|x64
		{15E32E3E-DDC3-4D92-9EBE-F507BE1EA767}.Release|x64.Build.0 = Release|x64
		{15E32E3E-DDC3-4D92-9EBE-F507BE1EA767}.Release|x86.ActiveCfg = Release|Win32
		{15E32E3E-DDC3-4D92-9EBE-F507BE1EA767}.Release|x86.Build.0 = Release|Win32
		{F9A37394-87CD-4E6C-A96D-BF1A4362E9D7}.Debug|x64.ActiveCfg = Debug|x64
		{F9A37394-87CD-4E6C-A96D-BF1A4362E9D7}.Debug|x64.Build.0 = Debug|x64
		{F9A37394-87CD-4E6C-A96D-BF1A4362E9D7}.Debug|x86.ActiveCfg = Debug|Win32
		{F9A37394-87CD-4E6C-A96D-BF1A4362E9D7}.Debug|x86.Build.0 = Debug|Win32
		{F9A37394-87CD-4E6C-A96D-BF1A4362E9D7}.Release|x64.ActiveCfg = Release|x64
		{F9A37394-87CD-4E6C-A96D-BF1A4362E9D7}.Release|x64.Build.0 = Release|x64
		{F9A37394-87CD-4E6C-A96D-BF1A4362E9D7}.Release|x86.ActiveCfg = Release|Win32
		{F9A37394-87CD-4E6C-A96D-BF1A4362E9D7}.Release|x86.Build.0 = Release|Win32
		{7C8A0030-C6E2-49B9-89FC-E3A17A075FF5}.Debug|x64.ActiveCfg = Debug|x64
		{7C8A0030-C6E2-49B9-89FC-E3A17A075FF5}.Debug|x64.Build.0 = Debug|x64
		{7C8A0030-C6E2-49B9-89FC-E3A17A075FF5}.Debug|x86.ActiveCfg = Debug|Win32
		{7C8A0030-C6E2-49B9-89FC-E3A17A075FF5}.Debug|x86.Build.0 = Debug|Win32
		{7C8A0030-C6E2-49B9-89FC-E3A17A075FF5}.Release|x64.ActiveCfg = Release|x64
		{7C8A0030-C6E2-49B9-89FC-E3A17A075FF5}.Release|x64.Build.0 = Release|x64
		{7C8A0030-C6E2-49B9-89FC-E3A17A075FF5}.Release|x86.ActiveCfg = Release|Win32
		{7C8A0030-C6E2-49B9-89FC-E3A17A075FF5}.Release|x86.Build.0 = Release|Win32
		{AF5B0A27-ABB3-4D22-B730-8C3C4EBDD3AB}.Debug|x64.ActiveCfg = Debug|x64
		{AF5B0A27-ABB3-4D22-B730-8C3C4EBDD3AB}.Debug|x64.Build.0 = Debug|x64
		{AF5B0A27-ABB3-4D22-B730-8C3C4EBDD3AB}.Debug|x86.ActiveCfg = Debug|Win32
		{AF5B0A27-ABB3-4D22-B730-8C3C4EBDD3AB}.Debug|x86.Build.0 = Debug|Win32
		{AF5B0A27-ABB3-4D22-B730-8C3C4EBDD3AB}.Release|x64.ActiveCfg = Release|x64
		{AF5B0A27-ABB3-4D22-B730-8C3C4EBDD3AB}.Release|x64.Build.0 = Release|x64
		{AF5B0A27-ABB3-4D22-B730-8C3C4EBDD3AB}.Release|x86.ActiveCfg = Release|Win32
		{AF5B0A27-ABB3-4D22-B730-8C3C4EBDD3AB}.Release|x86.Build.0 = Release|Win32
		{4769CB48-3235-4290-AF61-3E8B9FF49F31}.Debug|x64.ActiveCfg = Debug|x64
		{4769CB48-3235-4290-AF61-3E8B9FF49F31}.Debug|x64.Build.0 = Debug|x64
		{4769CB48-3235-4290-AF61-3E8B9FF49F31}.Debug|x86.ActiveCfg = Debug|Win32
		{4769CB48-3235-4290-AF61-3E8B9FF49F31}.Debug|x86.Build.0 = Debug|Win32
		{4769CB48-3235-4290-AF61-3E8B9FF49F31}.Release|x64.ActiveCfg = Release|x64
		{4769CB48-3235-4290-AF61-3E8B9FF49F31}.Release|x64.Build.0 = Release|x64
		{4769CB48-3235-4290-AF61-3E8B9FF49F31}.Release|x86.ActiveCfg = Release|Win32
		{4769CB48-3235-4290-AF61-3E8B9FF49F31}.Release|x86.Build.0 = Release|Win32
		{F986BC92-0DA2-4BA1-A194-D2AE28994684}.Debug|x64.ActiveCfg = Debug|x64
		{F986BC92-0DA2-4BA1-A194-D2AE28994684}.Debug|x64.Build.0 = Debug|x64
		{F986BC92-0DA2-4BA1-A194-D2AE28994684}.Debug|x86.ActiveCfg = Debug|Win32
		{F986BC92-0DA2-4BA1-A194-D2AE28994684}.Debug|x86.Build.0 = Debug|Win32
		{F986BC92-0DA2-4BA1-A194-D2AE28994684}.Release|x64.ActiveCfg = Release|x64
		{F986BC92-0DA2-4BA1-A194-D2AE28994684}.Release|x64.Build.0 = Release|x64
		{F986BC92-0DA2-4BA1-A194-D2AE28994684}.Release|x86.ActiveCfg = Release|Win32
		{F986BC92-0DA2-4BA1-A194-D2AE28994684}.Release|x86.Build.0 = Release|Win32
	EndGlobalSection
	GlobalSection(SolutionProperties) = preSolution
		HideSolutionNode = FALSE
	EndGlobalSection
	GlobalSection(ExtensibilityGlobals) = postSolution
		SolutionGuid = {963F7870-CA33-42F5-9BEE-4A8E5497CE10}
	EndGlobalSection
EndGlobal
